
Microsoft Visual Studio Solution File, Format Version 12.00
# Visual Studio 15
VisualStudioVersion = 15.0.27130.2036
MinimumVisualStudioVersion = 10.0.40219.1
Project("{FAE04EC0-301F-11D3-BF4B-00C04F79EFBC}") = "Ecommerce", "Ecommerce\Ecommerce.csproj", "{09DDFC92-E3AC-4071-9E4C-CDC1844B78E1}"
EndProject
Global
	GlobalSection(SolutionConfigurationPlatforms) = preSolution
		Debug|Any CPU = Debug|Any CPU
		Release|Any CPU = Release|Any CPU
	EndGlobalSection
	GlobalSection(ProjectConfigurationPlatforms) = postSolution
		{09DDFC92-E3AC-4071-9E4C-CDC1844B78E1}.Debug|Any CPU.ActiveCfg = Debug|Any CPU
		{09DDFC92-E3AC-4071-9E4C-CDC1844B78E1}.Debug|Any CPU.Build.0 = Debug|Any CPU
		{09DDFC92-E3AC-4071-9E4C-CDC1844B78E1}.Release|Any CPU.ActiveCfg = Release|Any CPU
		{09DDFC92-E3AC-4071-9E4C-CDC1844B78E1}.Release|Any CPU.Build.0 = Release|Any CPU
	EndGlobalSection
	GlobalSection(SolutionProperties) = preSolution
		HideSolutionNode = FALSE
	EndGlobalSection
	GlobalSection(ExtensibilityGlobals) = postSolution
		SolutionGuid = {A4D028CC-B9F2-4A91-8C75-A4E95DF9B96C}
	EndGlobalSection
EndGlobal
